# generated by rye
# use `rye lock` or `rye sync` to update this lockfile
#
# last locked with the following flags:
#   pre: false
#   features: ["darts-preprocessing/gdal384,darts-ensemble/cpu"]
#   all-features: false
#   with-sources: false
#   generate-hashes: false
#   universal: false

-e file:darts-acquisition
-e file:darts-ensemble
-e file:darts-export
-e file:darts-preprocessing
-e file:darts-segmentation
-e file:darts-superresolution
affine==2.4.0
    # via rasterio
aiosignal==1.3.1
    # via ray
asttokens==2.4.1
    # via stack-data
attrs==24.2.0
    # via jsonschema
    # via rasterio
    # via referencing
babel==2.16.0
    # via mkdocs-git-revision-date-localized-plugin
    # via mkdocs-material
cairocffi==1.7.1
    # via cairosvg
cairosvg==2.7.1
    # via mkdocs-material
certifi==2024.8.30
    # via pyogrio
    # via pyproj
    # via rasterio
    # via requests
cffi==1.17.1
    # via cairocffi
charset-normalizer==3.3.2
    # via requests
click==8.1.7
    # via click-plugins
    # via cligj
    # via mkdocs
    # via mkdocstrings
    # via rasterio
    # via ray
    # via typer
click-plugins==1.1.1
    # via rasterio
cligj==0.7.2
    # via rasterio
colorama==0.4.6
    # via griffe
    # via mkdocs-material
comm==0.2.2
    # via ipykernel
contourpy==1.3.0
    # via matplotlib
cssselect2==0.7.0
    # via cairosvg
cycler==0.12.1
    # via matplotlib
debugpy==1.8.6
    # via ipykernel
decorator==5.1.1
    # via ipython
defusedxml==0.7.1
    # via cairosvg
executing==2.1.0
    # via stack-data
filelock==3.16.1
    # via ray
    # via torch
fonttools==4.54.1
    # via matplotlib
frozenlist==1.4.1
    # via aiosignal
    # via ray
fsspec==2024.9.0
    # via ray
    # via torch
gdal==3.8.4
    # via darts-preprocessing
geopandas==1.0.1
    # via darts-export
ghp-import==2.1.0
    # via mkdocs
gitdb==4.0.11
    # via gitpython
gitpython==3.1.43
    # via mkdocs-git-committers-plugin-2
    # via mkdocs-git-revision-date-localized-plugin
griffe==1.3.1
    # via mkdocstrings-python
h5netcdf==1.3.0
    # via darts-acquisition
    # via darts-ensemble
    # via darts-export
    # via darts-preprocessing
    # via darts-segmentation
    # via darts-superresolution
h5py==3.12.1
    # via h5netcdf
idna==3.10
    # via requests
importlib-metadata==8.5.0
    # via mike
importlib-resources==6.4.5
    # via mike
ipykernel==6.29.5
ipython==8.27.0
    # via ipykernel
jedi==0.19.1
    # via ipython
jinja2==3.1.4
    # via mike
    # via mkdocs
    # via mkdocs-material
    # via mkdocstrings
    # via torch
jsonschema==4.23.0
    # via ray
jsonschema-specifications==2023.12.1
    # via jsonschema
jupyter-client==8.6.3
    # via ipykernel
jupyter-core==5.7.2
    # via ipykernel
    # via jupyter-client
kiwisolver==1.4.7
    # via matplotlib
markdown==3.7
    # via mkdocs
    # via mkdocs-autorefs
    # via mkdocs-material
    # via mkdocstrings
    # via pymdown-extensions
markdown-it-py==3.0.0
    # via rich
markupsafe==2.1.5
    # via jinja2
    # via mkdocs
    # via mkdocs-autorefs
    # via mkdocstrings
matplotlib==3.9.2
matplotlib-inline==0.1.7
    # via ipykernel
    # via ipython
mdurl==0.1.2
    # via markdown-it-py
mergedeep==1.3.4
    # via mkdocs
    # via mkdocs-get-deps
mike==2.1.3
mkdocs==1.6.1
    # via mike
    # via mkdocs-autorefs
    # via mkdocs-git-committers-plugin-2
    # via mkdocs-git-revision-date-localized-plugin
    # via mkdocs-material
    # via mkdocstrings
mkdocs-autorefs==1.2.0
    # via mkdocstrings
    # via mkdocstrings-python
mkdocs-get-deps==0.2.0
    # via mkdocs
mkdocs-git-committers-plugin-2==2.3.0
mkdocs-git-revision-date-localized-plugin==1.2.9
mkdocs-material==9.5.38
mkdocs-material-extensions==1.3.1
    # via mkdocs-material
mkdocstrings==0.26.1
    # via mkdocstrings-python
mkdocstrings-python==1.11.1
    # via mkdocstrings
mpmath==1.3.0
    # via sympy
msgpack==1.1.0
    # via ray
nest-asyncio==1.6.0
    # via ipykernel
networkx==3.3
    # via torch
noise==1.2.2
numpy==1.26.4
    # via contourpy
    # via darts-acquisition
    # via darts-ensemble
    # via darts-export
    # via darts-preprocessing
    # via darts-segmentation
    # via darts-superresolution
    # via geopandas
    # via h5py
    # via matplotlib
    # via pandas
    # via pyarrow
    # via pyogrio
    # via rasterio
    # via ray
    # via rioxarray
    # via shapely
    # via torchvision
    # via xarray
packaging==24.1
    # via geopandas
    # via h5netcdf
    # via ipykernel
    # via matplotlib
    # via mkdocs
    # via pyogrio
    # via ray
    # via rioxarray
    # via xarray
paginate==0.5.7
    # via mkdocs-material
pandas==2.2.3
    # via geopandas
    # via ray
    # via xarray
parso==0.8.4
    # via jedi
pathspec==0.12.1
    # via mkdocs
pexpect==4.9.0
    # via ipython
pillow==10.4.0
    # via cairosvg
    # via matplotlib
    # via mkdocs-material
    # via torchvision
platformdirs==4.3.6
    # via jupyter-core
    # via mkdocs-get-deps
    # via mkdocstrings
prompt-toolkit==3.0.48
    # via ipython
protobuf==5.28.2
    # via ray
psutil==6.0.0
    # via ipykernel
ptyprocess==0.7.0
    # via pexpect
pure-eval==0.2.3
    # via stack-data
pyarrow==17.0.0
    # via ray
pycparser==2.22
    # via cffi
pygments==2.18.0
    # via ipython
    # via mkdocs-material
    # via rich
pymdown-extensions==10.11
    # via mkdocs-material
    # via mkdocstrings
pyogrio==0.9.0
    # via geopandas
pyparsing==3.1.4
    # via matplotlib
    # via mike
    # via rasterio
pyproj==3.6.1
    # via geopandas
    # via rioxarray
python-dateutil==2.9.0.post0
    # via ghp-import
    # via jupyter-client
    # via matplotlib
    # via pandas
pytz==2024.2
    # via mkdocs-git-revision-date-localized-plugin
    # via pandas
pyyaml==6.0.2
    # via mike
    # via mkdocs
    # via mkdocs-get-deps
    # via pymdown-extensions
    # via pyyaml-env-tag
    # via ray
pyyaml-env-tag==0.1
    # via mike
    # via mkdocs
pyzmq==26.2.0
    # via ipykernel
    # via jupyter-client
rasterio==1.4.0
    # via darts-acquisition
    # via darts-export
    # via rioxarray
ray==2.37.0
referencing==0.35.1
    # via jsonschema
    # via jsonschema-specifications
regex==2024.9.11
    # via mkdocs-material
requests==2.32.3
    # via mkdocs-git-committers-plugin-2
    # via mkdocs-material
    # via ray
    # via torchvision
rich==13.8.1
    # via typer
rioxarray==0.17.0
    # via darts-acquisition
    # via darts-export
rpds-py==0.20.0
    # via jsonschema
    # via referencing
ruff==0.6.8
shapely==2.0.6
    # via geopandas
shellingham==1.5.4
    # via typer
six==1.16.0
    # via asttokens
    # via python-dateutil
smmap==5.0.1
    # via gitdb
stack-data==0.6.3
    # via ipython
sympy==1.13.3
    # via torch
tinycss2==1.3.0
    # via cairosvg
    # via cssselect2
torch==2.2.0+cpu
    # via darts-ensemble
    # via torchvision
torchvision==0.17.0+cpu
    # via darts-ensemble
tornado==6.4.1
    # via ipykernel
    # via jupyter-client
traitlets==5.14.3
    # via comm
    # via ipykernel
    # via ipython
    # via jupyter-client
    # via jupyter-core
    # via matplotlib-inline
typer==0.12.5
typing-extensions==4.12.2
    # via ipython
    # via torch
    # via typer
tzdata==2024.2
    # via pandas
urllib3==2.2.3
    # via requests
verspec==0.1.0
    # via mike
watchdog==5.0.3
    # via mkdocs
wcwidth==0.2.13
    # via prompt-toolkit
webencodings==0.5.1
    # via cssselect2
    # via tinycss2
xarray==2024.9.0
    # via darts-acquisition
    # via darts-ensemble
    # via darts-export
    # via darts-preprocessing
    # via darts-segmentation
    # via darts-superresolution
    # via rioxarray
zipp==3.20.2
    # via importlib-metadata
