# generated by rye
# use `rye lock` or `rye sync` to update this lockfile
#
# last locked with the following flags:
#   pre: false
#   features: ["darts-preprocessing/gdal39,darts-ensemble/cpu"]
#   all-features: false
#   with-sources: false
#   generate-hashes: false
#   universal: false

-e file:darts-acquisition
-e file:darts-ensemble
-e file:darts-export
-e file:darts-preprocessing
-e file:darts-segmentation
-e file:darts-superresolution
affine==2.4.0
    # via rasterio
aiosignal==1.3.1
    # via ray
attrs==24.2.0
    # via jsonschema
    # via rasterio
    # via referencing
certifi==2024.8.30
    # via pyogrio
    # via pyproj
    # via rasterio
    # via requests
charset-normalizer==3.3.2
    # via requests
click==8.1.7
    # via click-plugins
    # via cligj
    # via rasterio
    # via ray
    # via typer
click-plugins==1.1.1
    # via rasterio
cligj==0.7.2
    # via rasterio
efficientnet-pytorch==0.7.1
    # via segmentation-models-pytorch
filelock==3.16.1
    # via huggingface-hub
    # via ray
    # via torch
frozenlist==1.4.1
    # via aiosignal
    # via ray
fsspec==2024.9.0
    # via huggingface-hub
    # via ray
    # via torch
gdal==3.9.2
    # via darts-preprocessing
geopandas==1.0.1
    # via darts-export
h5netcdf==1.3.0
    # via darts-acquisition
    # via darts-ensemble
    # via darts-export
    # via darts-preprocessing
    # via darts-segmentation
    # via darts-superresolution
h5py==3.12.1
    # via h5netcdf
huggingface-hub==0.25.2
    # via segmentation-models-pytorch
    # via timm
idna==3.10
    # via requests
jinja2==3.1.4
    # via torch
jsonschema==4.23.0
    # via ray
jsonschema-specifications==2023.12.1
    # via jsonschema
markdown-it-py==3.0.0
    # via rich
markupsafe==2.1.5
    # via jinja2
mdurl==0.1.2
    # via markdown-it-py
mpmath==1.3.0
    # via sympy
msgpack==1.1.0
    # via ray
munch==4.0.0
    # via pretrainedmodels
networkx==3.3
    # via torch
numpy==1.26.4
    # via darts-acquisition
    # via darts-ensemble
    # via darts-export
    # via darts-preprocessing
    # via darts-segmentation
    # via darts-superresolution
    # via geopandas
    # via h5py
    # via pandas
    # via pyarrow
    # via pyogrio
    # via rasterio
    # via ray
    # via rioxarray
    # via shapely
    # via torchvision
    # via xarray
packaging==24.1
    # via geopandas
    # via h5netcdf
    # via huggingface-hub
    # via pyogrio
    # via ray
    # via rioxarray
    # via xarray
pandas==2.2.3
    # via geopandas
    # via ray
    # via xarray
pillow==10.4.0
    # via segmentation-models-pytorch
    # via torchvision
pretrainedmodels==0.7.4
    # via segmentation-models-pytorch
protobuf==5.28.2
    # via ray
pyarrow==17.0.0
    # via ray
pygments==2.18.0
    # via rich
pyogrio==0.9.0
    # via geopandas
pyparsing==3.1.4
    # via rasterio
pyproj==3.6.1
    # via geopandas
    # via rioxarray
python-dateutil==2.9.0.post0
    # via pandas
pytz==2024.2
    # via pandas
pyyaml==6.0.2
    # via huggingface-hub
    # via ray
    # via timm
rasterio==1.4.0
    # via darts-acquisition
    # via darts-export
    # via rioxarray
ray==2.37.0
referencing==0.35.1
    # via jsonschema
    # via jsonschema-specifications
requests==2.32.3
    # via huggingface-hub
    # via ray
    # via torchvision
rich==13.8.1
    # via typer
rioxarray==0.17.0
    # via darts-acquisition
    # via darts-export
rpds-py==0.20.0
    # via jsonschema
    # via referencing
safetensors==0.4.5
    # via timm
segmentation-models-pytorch==0.3.4
    # via darts-segmentation
shapely==2.0.6
    # via geopandas
shellingham==1.5.4
    # via typer
six==1.16.0
    # via python-dateutil
    # via segmentation-models-pytorch
sympy==1.13.3
    # via torch
timm==0.9.7
    # via segmentation-models-pytorch
torch==2.2.0+cpu
    # via darts-ensemble
    # via efficientnet-pytorch
    # via pretrainedmodels
    # via timm
    # via torchvision
torchvision==0.17.0+cpu
    # via darts-ensemble
    # via pretrainedmodels
    # via segmentation-models-pytorch
    # via timm
tqdm==4.66.5
    # via huggingface-hub
    # via pretrainedmodels
    # via segmentation-models-pytorch
typer==0.12.5
typing-extensions==4.12.2
    # via huggingface-hub
    # via torch
    # via typer
tzdata==2024.2
    # via pandas
urllib3==2.2.3
    # via requests
xarray==2024.9.0
    # via darts-acquisition
    # via darts-ensemble
    # via darts-export
    # via darts-preprocessing
    # via darts-segmentation
    # via darts-superresolution
    # via rioxarray
